
Microsoft Visual Studio Solution File, Format Version 12.00
# Visual Studio Version 16
VisualStudioVersion = 16.0.32929.386
MinimumVisualStudioVersion = 10.0.40219.1
Project("{FAE04EC0-301F-11D3-BF4B-00C04F79EFBC}") = "DataAccess", "DataAccess\DataAccess.csproj", "{1A854846-A88F-4AE8-958A-154FAC7315C0}"
EndProject
Project("{FAE04EC0-301F-11D3-BF4B-00C04F79EFBC}") = "Business", "Business\Business.csproj", "{22DED5C0-14EB-4D8C-9694-B4699C77304B}"
EndProject
Project("{FAE04EC0-301F-11D3-BF4B-00C04F79EFBC}") = "Entities", "Entities\Entities.csproj", "{1F836B51-D6CD-4DF6-9C6B-029871C96D32}"
EndProject
Project("{FAE04EC0-301F-11D3-BF4B-00C04F79EFBC}") = "ConsoleUI", "ConsoleUI\ConsoleUI.csproj", "{03C75884-5F86-4A75-B2BD-F4FB99C8F8DE}"
EndProject
Global
	GlobalSection(SolutionConfigurationPlatforms) = preSolution
		Debug|Any CPU = Debug|Any CPU
		Release|Any CPU = Release|Any CPU
	EndGlobalSection
	GlobalSection(ProjectConfigurationPlatforms) = postSolution
		{1A854846-A88F-4AE8-958A-154FAC7315C0}.Debug|Any CPU.ActiveCfg = Debug|Any CPU
		{1A854846-A88F-4AE8-958A-154FAC7315C0}.Debug|Any CPU.Build.0 = Debug|Any CPU
		{1A854846-A88F-4AE8-958A-154FAC7315C0}.Release|Any CPU.ActiveCfg = Release|Any CPU
		{1A854846-A88F-4AE8-958A-154FAC7315C0}.Release|Any CPU.Build.0 = Release|Any CPU
		{22DED5C0-14EB-4D8C-9694-B4699C77304B}.Debug|Any CPU.ActiveCfg = Debug|Any CPU
		{22DED5C0-14EB-4D8C-9694-B4699C77304B}.Debug|Any CPU.Build.0 = Debug|Any CPU
		{22DED5C0-14EB-4D8C-9694-B4699C77304B}.Release|Any CPU.ActiveCfg = Release|Any CPU
		{22DED5C0-14EB-4D8C-9694-B4699C77304B}.Release|Any CPU.Build.0 = Release|Any CPU
		{1F836B51-D6CD-4DF6-9C6B-029871C96D32}.Debug|Any CPU.ActiveCfg = Debug|Any CPU
		{1F836B51-D6CD-4DF6-9C6B-029871C96D32}.Debug|Any CPU.Build.0 = Debug|Any CPU
		{1F836B51-D6CD-4DF6-9C6B-029871C96D32}.Release|Any CPU.ActiveCfg = Release|Any CPU
		{1F836B51-D6CD-4DF6-9C6B-029871C96D32}.Release|Any CPU.Build.0 = Release|Any CPU
		{03C75884-5F86-4A75-B2BD-F4FB99C8F8DE}.Debug|Any CPU.ActiveCfg = Debug|Any CPU
		{03C75884-5F86-4A75-B2BD-F4FB99C8F8DE}.Debug|Any CPU.Build.0 = Debug|Any CPU
		{03C75884-5F86-4A75-B2BD-F4FB99C8F8DE}.Release|Any CPU.ActiveCfg = Release|Any CPU
		{03C75884-5F86-4A75-B2BD-F4FB99C8F8DE}.Release|Any CPU.Build.0 = Release|Any CPU
	EndGlobalSection
	GlobalSection(SolutionProperties) = preSolution
		HideSolutionNode = FALSE
	EndGlobalSection
	GlobalSection(ExtensibilityGlobals) = postSolution
		SolutionGuid = {A7594E0C-5701-402C-A6C3-9B3446D9C3C8}
	EndGlobalSection
EndGlobal
